
Microsoft Visual Studio Solution File, Format Version 12.00
# Visual Studio Version 16
VisualStudioVersion = 16.0.29509.3
MinimumVisualStudioVersion = 10.0.40219.1
Project("{FAE04EC0-301F-11D3-BF4B-00C04F79EFBC}") = "CaptoolApi", "CaptoolApi\CaptoolApi.csproj", "{E80A0FE8-694E-495D-87F1-6E13DF2D6395}"
EndProject
Project("{FAE04EC0-301F-11D3-BF4B-00C04F79EFBC}") = "Data", "Data\Data.csproj", "{803C80BF-CB64-43B5-8487-D47EFB7690CD}"
EndProject
Global
	GlobalSection(SolutionConfigurationPlatforms) = preSolution
		Debug|Any CPU = Debug|Any CPU
		Release|Any CPU = Release|Any CPU
	EndGlobalSection
	GlobalSection(ProjectConfigurationPlatforms) = postSolution
		{E80A0FE8-694E-495D-87F1-6E13DF2D6395}.Debug|Any CPU.ActiveCfg = Debug|Any CPU
		{E80A0FE8-694E-495D-87F1-6E13DF2D6395}.Debug|Any CPU.Build.0 = Debug|Any CPU
		{E80A0FE8-694E-495D-87F1-6E13DF2D6395}.Release|Any CPU.ActiveCfg = Release|Any CPU
		{E80A0FE8-694E-495D-87F1-6E13DF2D6395}.Release|Any CPU.Build.0 = Release|Any CPU
		{803C80BF-CB64-43B5-8487-D47EFB7690CD}.Debug|Any CPU.ActiveCfg = Debug|Any CPU
		{803C80BF-CB64-43B5-8487-D47EFB7690CD}.Debug|Any CPU.Build.0 = Debug|Any CPU
		{803C80BF-CB64-43B5-8487-D47EFB7690CD}.Release|Any CPU.ActiveCfg = Release|Any CPU
		{803C80BF-CB64-43B5-8487-D47EFB7690CD}.Release|Any CPU.Build.0 = Release|Any CPU
	EndGlobalSection
	GlobalSection(SolutionProperties) = preSolution
		HideSolutionNode = FALSE
	EndGlobalSection
	GlobalSection(ExtensibilityGlobals) = postSolution
		SolutionGuid = {3C1591DD-98E3-4894-BDAE-668DC103C6FD}
	EndGlobalSection
EndGlobal
