
Microsoft Visual Studio Solution File, Format Version 12.00
# Visual Studio Version 16
VisualStudioVersion = 16.0.29509.3
MinimumVisualStudioVersion = 10.0.40219.1
Project("{9A19103F-16F7-4668-BE54-9A1E7A4F7556}") = "CaptoolApi", "CaptoolApi\CaptoolApi.csproj", "{E80A0FE8-694E-495D-87F1-6E13DF2D6395}"
EndProject
Project("{9A19103F-16F7-4668-BE54-9A1E7A4F7556}") = "Data", "Data\Data.csproj", "{FBA9DA52-CBA9-48F0-9C88-BC8772F71F51}"
EndProject
Project("{9A19103F-16F7-4668-BE54-9A1E7A4F7556}") = "Interfaces", "Interfaces\Interfaces.csproj", "{733D3D44-7B5B-4527-947C-11C97E519A7C}"
EndProject
Project("{9A19103F-16F7-4668-BE54-9A1E7A4F7556}") = "ModelLayer", "ModelLayer\ModelLayer.csproj", "{BDA184D9-1834-420B-B712-9E9C2F9CE39E}"
EndProject
Project("{9A19103F-16F7-4668-BE54-9A1E7A4F7556}") = "Logic", "Logic\Logic.csproj", "{9D4A6CED-E5F9-496D-B23A-51303C8C247F}"
	ProjectSection(ProjectDependencies) = postProject
		{0E3CDA43-675E-4207-BDC1-F6C0E136FBB7} = {0E3CDA43-675E-4207-BDC1-F6C0E136FBB7}
		{BDA184D9-1834-420B-B712-9E9C2F9CE39E} = {BDA184D9-1834-420B-B712-9E9C2F9CE39E}
	EndProjectSection
EndProject
Project("{FAE04EC0-301F-11D3-BF4B-00C04F79EFBC}") = "Helpers", "Helpers\Helpers.csproj", "{0E3CDA43-675E-4207-BDC1-F6C0E136FBB7}"
EndProject
Global
	GlobalSection(SolutionConfigurationPlatforms) = preSolution
		Debug|Any CPU = Debug|Any CPU
		Release|Any CPU = Release|Any CPU
	EndGlobalSection
	GlobalSection(ProjectConfigurationPlatforms) = postSolution
		{E80A0FE8-694E-495D-87F1-6E13DF2D6395}.Debug|Any CPU.ActiveCfg = Debug|Any CPU
		{E80A0FE8-694E-495D-87F1-6E13DF2D6395}.Debug|Any CPU.Build.0 = Debug|Any CPU
		{E80A0FE8-694E-495D-87F1-6E13DF2D6395}.Release|Any CPU.ActiveCfg = Release|Any CPU
		{E80A0FE8-694E-495D-87F1-6E13DF2D6395}.Release|Any CPU.Build.0 = Release|Any CPU
		{FBA9DA52-CBA9-48F0-9C88-BC8772F71F51}.Debug|Any CPU.ActiveCfg = Debug|Any CPU
		{FBA9DA52-CBA9-48F0-9C88-BC8772F71F51}.Debug|Any CPU.Build.0 = Debug|Any CPU
		{FBA9DA52-CBA9-48F0-9C88-BC8772F71F51}.Release|Any CPU.ActiveCfg = Release|Any CPU
		{FBA9DA52-CBA9-48F0-9C88-BC8772F71F51}.Release|Any CPU.Build.0 = Release|Any CPU
		{733D3D44-7B5B-4527-947C-11C97E519A7C}.Debug|Any CPU.ActiveCfg = Debug|Any CPU
		{733D3D44-7B5B-4527-947C-11C97E519A7C}.Debug|Any CPU.Build.0 = Debug|Any CPU
		{733D3D44-7B5B-4527-947C-11C97E519A7C}.Release|Any CPU.ActiveCfg = Release|Any CPU
		{733D3D44-7B5B-4527-947C-11C97E519A7C}.Release|Any CPU.Build.0 = Release|Any CPU
		{BDA184D9-1834-420B-B712-9E9C2F9CE39E}.Debug|Any CPU.ActiveCfg = Debug|Any CPU
		{BDA184D9-1834-420B-B712-9E9C2F9CE39E}.Debug|Any CPU.Build.0 = Debug|Any CPU
		{BDA184D9-1834-420B-B712-9E9C2F9CE39E}.Release|Any CPU.ActiveCfg = Release|Any CPU
		{BDA184D9-1834-420B-B712-9E9C2F9CE39E}.Release|Any CPU.Build.0 = Release|Any CPU
		{9D4A6CED-E5F9-496D-B23A-51303C8C247F}.Debug|Any CPU.ActiveCfg = Debug|Any CPU
		{9D4A6CED-E5F9-496D-B23A-51303C8C247F}.Debug|Any CPU.Build.0 = Debug|Any CPU
		{9D4A6CED-E5F9-496D-B23A-51303C8C247F}.Release|Any CPU.ActiveCfg = Release|Any CPU
		{9D4A6CED-E5F9-496D-B23A-51303C8C247F}.Release|Any CPU.Build.0 = Release|Any CPU
		{0E3CDA43-675E-4207-BDC1-F6C0E136FBB7}.Debug|Any CPU.ActiveCfg = Debug|Any CPU
		{0E3CDA43-675E-4207-BDC1-F6C0E136FBB7}.Debug|Any CPU.Build.0 = Debug|Any CPU
		{0E3CDA43-675E-4207-BDC1-F6C0E136FBB7}.Release|Any CPU.ActiveCfg = Release|Any CPU
		{0E3CDA43-675E-4207-BDC1-F6C0E136FBB7}.Release|Any CPU.Build.0 = Release|Any CPU
	EndGlobalSection
	GlobalSection(SolutionProperties) = preSolution
		HideSolutionNode = FALSE
	EndGlobalSection
	GlobalSection(ExtensibilityGlobals) = postSolution
		SolutionGuid = {3C1591DD-98E3-4894-BDAE-668DC103C6FD}
	EndGlobalSection
EndGlobal
